PODS:
  - KeepLayout (1.6.0)
  - NotifiCrash (1.1.2)

DEPENDENCIES:
  - KeepLayout (from `https://github.com/iMartinKiss/KeepLayout.git`, tag `v1.6.0`)
  - NotifiCrash (from `../`)

EXTERNAL SOURCES:
  KeepLayout:
    :git: https://github.com/iMartinKiss/KeepLayout.git
    :tag: v1.6.0
  NotifiCrash:
    :path: ../

CHECKOUT OPTIONS:
  KeepLayout:
    :git: https://github.com/iMartinKiss/KeepLayout.git
    :tag: v1.6.0

SPEC CHECKSUMS:
  KeepLayout: f6364def4921aca9853b91d998b5737a7210fd6a
  NotifiCrash: f44a2af2f5c8933573cc58d0a91011b23359e3ec

COCOAPODS: 0.35.0
